
Microsoft Visual Studio Solution File, Format Version 12.00
# Visual Studio 15
VisualStudioVersion = 15.0.27130.2036
MinimumVisualStudioVersion = 10.0.40219.1
Project("{FAE04EC0-301F-11D3-BF4B-00C04F79EFBC}") = "HFM", "HFM\HFM.csproj", "{5FEB8CFF-15E5-4AA7-B5D9-19270FADB955}"
EndProject
Project("{54435603-DBB4-11D2-8724-00A0C9A8B90C}") = "HFM.v1.0", "Setup HFM\HFM.v1.0\HFM.v1.0.vdproj", "{2569374C-E822-4627-89C3-469F7840FD53}"
EndProject
Global
	GlobalSection(SolutionConfigurationPlatforms) = preSolution
		Debug|Any CPU = Debug|Any CPU
		Release|Any CPU = Release|Any CPU
	EndGlobalSection
	GlobalSection(ProjectConfigurationPlatforms) = postSolution
		{5FEB8CFF-15E5-4AA7-B5D9-19270FADB955}.Debug|Any CPU.ActiveCfg = Debug|Any CPU
		{5FEB8CFF-15E5-4AA7-B5D9-19270FADB955}.Debug|Any CPU.Build.0 = Debug|Any CPU
		{5FEB8CFF-15E5-4AA7-B5D9-19270FADB955}.Release|Any CPU.ActiveCfg = Release|Any CPU
		{5FEB8CFF-15E5-4AA7-B5D9-19270FADB955}.Release|Any CPU.Build.0 = Release|Any CPU
		{2569374C-E822-4627-89C3-469F7840FD53}.Debug|Any CPU.ActiveCfg = Debug
		{2569374C-E822-4627-89C3-469F7840FD53}.Release|Any CPU.ActiveCfg = Release
	EndGlobalSection
	GlobalSection(SolutionProperties) = preSolution
		HideSolutionNode = FALSE
	EndGlobalSection
	GlobalSection(ExtensibilityGlobals) = postSolution
		SolutionGuid = {F17A25E1-E3EE-4ED3-8904-B328E1B71E75}
	EndGlobalSection
EndGlobal
